
Microsoft Visual Studio Solution File, Format Version 12.00
# Visual Studio 2013
VisualStudioVersion = 12.0.21005.1
MinimumVisualStudioVersion = 10.0.40219.1
Project("{F2A71F9B-5D33-465A-A702-920D77279786}") = "FSharp.Serialization", "FSharp.Serialization\FSharp.Serialization.fsproj", "{41CBCD0E-2983-4C7D-BC08-7AFE31365BA3}"
EndProject
Project("{F2A71F9B-5D33-465A-A702-920D77279786}") = "SampleLib", "SampleLib\SampleLib.fsproj", "{46B01FBD-B0DA-4E99-BB49-63C674C48843}"
EndProject
Project("{F2A71F9B-5D33-465A-A702-920D77279786}") = "FSharp.Serialization.Test", "FSharp.Serialization.Test\FSharp.Serialization.Test.fsproj", "{3D7B840D-B736-4446-94DB-23B8A0B9D7D4}"
EndProject
Global
	GlobalSection(SolutionConfigurationPlatforms) = preSolution
		Debug|Any CPU = Debug|Any CPU
		Release|Any CPU = Release|Any CPU
	EndGlobalSection
	GlobalSection(ProjectConfigurationPlatforms) = postSolution
		{41CBCD0E-2983-4C7D-BC08-7AFE31365BA3}.Debug|Any CPU.ActiveCfg = Debug|Any CPU
		{41CBCD0E-2983-4C7D-BC08-7AFE31365BA3}.Debug|Any CPU.Build.0 = Debug|Any CPU
		{41CBCD0E-2983-4C7D-BC08-7AFE31365BA3}.Release|Any CPU.ActiveCfg = Release|Any CPU
		{41CBCD0E-2983-4C7D-BC08-7AFE31365BA3}.Release|Any CPU.Build.0 = Release|Any CPU
		{46B01FBD-B0DA-4E99-BB49-63C674C48843}.Debug|Any CPU.ActiveCfg = Debug|Any CPU
		{46B01FBD-B0DA-4E99-BB49-63C674C48843}.Debug|Any CPU.Build.0 = Debug|Any CPU
		{46B01FBD-B0DA-4E99-BB49-63C674C48843}.Release|Any CPU.ActiveCfg = Release|Any CPU
		{46B01FBD-B0DA-4E99-BB49-63C674C48843}.Release|Any CPU.Build.0 = Release|Any CPU
		{3D7B840D-B736-4446-94DB-23B8A0B9D7D4}.Debug|Any CPU.ActiveCfg = Debug|Any CPU
		{3D7B840D-B736-4446-94DB-23B8A0B9D7D4}.Debug|Any CPU.Build.0 = Debug|Any CPU
		{3D7B840D-B736-4446-94DB-23B8A0B9D7D4}.Release|Any CPU.ActiveCfg = Release|Any CPU
		{3D7B840D-B736-4446-94DB-23B8A0B9D7D4}.Release|Any CPU.Build.0 = Release|Any CPU
	EndGlobalSection
	GlobalSection(SolutionProperties) = preSolution
		HideSolutionNode = FALSE
	EndGlobalSection
EndGlobal
